
Microsoft Visual Studio Solution File, Format Version 12.00
# Visual Studio Version 16
VisualStudioVersion = 16.0.30709.132
MinimumVisualStudioVersion = 10.0.40219.1
Project("{FAE04EC0-301F-11D3-BF4B-00C04F79EFBC}") = "TrickingLibrary.API", "TrickingLibrary.API\TrickingLibrary.API.csproj", "{D2D99C98-301C-49A7-849F-D9C9597B72E0}"
EndProject
Global
	GlobalSection(SolutionConfigurationPlatforms) = preSolution
		Debug|Any CPU = Debug|Any CPU
		Release|Any CPU = Release|Any CPU
	EndGlobalSection
	GlobalSection(ProjectConfigurationPlatforms) = postSolution
		{D2D99C98-301C-49A7-849F-D9C9597B72E0}.Debug|Any CPU.ActiveCfg = Debug|Any CPU
		{D2D99C98-301C-49A7-849F-D9C9597B72E0}.Debug|Any CPU.Build.0 = Debug|Any CPU
		{D2D99C98-301C-49A7-849F-D9C9597B72E0}.Release|Any CPU.ActiveCfg = Release|Any CPU
		{D2D99C98-301C-49A7-849F-D9C9597B72E0}.Release|Any CPU.Build.0 = Release|Any CPU
	EndGlobalSection
	GlobalSection(SolutionProperties) = preSolution
		HideSolutionNode = FALSE
	EndGlobalSection
	GlobalSection(ExtensibilityGlobals) = postSolution
		SolutionGuid = {F613648B-3FE8-4C08-B5AC-E33772EE219F}
	EndGlobalSection
EndGlobal
